
Microsoft Visual Studio Solution File, Format Version 12.00
# Visual Studio Version 17
VisualStudioVersion = 17.5.33424.131
MinimumVisualStudioVersion = 10.0.40219.1
Project("{FAE04EC0-301F-11D3-BF4B-00C04F79EFBC}") = "CoffeeToGo.EntityFramework", "CoffeeToGo.EntityFramework\CoffeeToGo.EntityFramework.csproj", "{CC52CF77-1032-41A8-84F6-B7A3047AEF3F}"
EndProject
Project("{FAE04EC0-301F-11D3-BF4B-00C04F79EFBC}") = "CoffeeToGo.Web", "CoffeeToGo.Web\CoffeeToGo.Web.csproj", "{8534A98B-9311-4014-9E28-C283E1603FCF}"
EndProject
Global
	GlobalSection(SolutionConfigurationPlatforms) = preSolution
		Debug|Any CPU = Debug|Any CPU
		Release|Any CPU = Release|Any CPU
	EndGlobalSection
	GlobalSection(ProjectConfigurationPlatforms) = postSolution
		{CC52CF77-1032-41A8-84F6-B7A3047AEF3F}.Debug|Any CPU.ActiveCfg = Debug|Any CPU
		{CC52CF77-1032-41A8-84F6-B7A3047AEF3F}.Debug|Any CPU.Build.0 = Debug|Any CPU
		{CC52CF77-1032-41A8-84F6-B7A3047AEF3F}.Release|Any CPU.ActiveCfg = Release|Any CPU
		{CC52CF77-1032-41A8-84F6-B7A3047AEF3F}.Release|Any CPU.Build.0 = Release|Any CPU
		{8534A98B-9311-4014-9E28-C283E1603FCF}.Debug|Any CPU.ActiveCfg = Debug|Any CPU
		{8534A98B-9311-4014-9E28-C283E1603FCF}.Debug|Any CPU.Build.0 = Debug|Any CPU
		{8534A98B-9311-4014-9E28-C283E1603FCF}.Release|Any CPU.ActiveCfg = Release|Any CPU
		{8534A98B-9311-4014-9E28-C283E1603FCF}.Release|Any CPU.Build.0 = Release|Any CPU
	EndGlobalSection
	GlobalSection(SolutionProperties) = preSolution
		HideSolutionNode = FALSE
	EndGlobalSection
	GlobalSection(ExtensibilityGlobals) = postSolution
		SolutionGuid = {F8E255A7-39BA-4EB8-8D29-9F1EB3D43DDB}
	EndGlobalSection
EndGlobal
